
Microsoft Visual Studio Solution File, Format Version 11.00
# Visual Studio 2010
Project("{FAE04EC0-301F-11D3-BF4B-00C04F79EFBC}") = "CSSMinifierDemo", "CSSMinifierDemo\CSSMinifierDemo.csproj", "{4053633E-F665-439A-AD66-257837CE7D07}"
EndProject
Project("{FAE04EC0-301F-11D3-BF4B-00C04F79EFBC}") = "CSSMinifier", "CSSMinifier\CSSMinifier.csproj", "{CAC63B5F-2EC5-4E28-9C38-65735C2F4610}"
EndProject
Project("{FAE04EC0-301F-11D3-BF4B-00C04F79EFBC}") = "UnitTests", "UnitTests\UnitTests.csproj", "{1D3F0686-E1EC-4B22-AA25-9B3260E04FB7}"
EndProject
Global
	GlobalSection(SolutionConfigurationPlatforms) = preSolution
		Debug|Any CPU = Debug|Any CPU
		Release|Any CPU = Release|Any CPU
	EndGlobalSection
	GlobalSection(ProjectConfigurationPlatforms) = postSolution
		{4053633E-F665-439A-AD66-257837CE7D07}.Debug|Any CPU.ActiveCfg = Debug|Any CPU
		{4053633E-F665-439A-AD66-257837CE7D07}.Debug|Any CPU.Build.0 = Debug|Any CPU
		{4053633E-F665-439A-AD66-257837CE7D07}.Release|Any CPU.ActiveCfg = Release|Any CPU
		{4053633E-F665-439A-AD66-257837CE7D07}.Release|Any CPU.Build.0 = Release|Any CPU
		{CAC63B5F-2EC5-4E28-9C38-65735C2F4610}.Debug|Any CPU.ActiveCfg = Debug|Any CPU
		{CAC63B5F-2EC5-4E28-9C38-65735C2F4610}.Debug|Any CPU.Build.0 = Debug|Any CPU
		{CAC63B5F-2EC5-4E28-9C38-65735C2F4610}.Release|Any CPU.ActiveCfg = Release|Any CPU
		{CAC63B5F-2EC5-4E28-9C38-65735C2F4610}.Release|Any CPU.Build.0 = Release|Any CPU
		{1D3F0686-E1EC-4B22-AA25-9B3260E04FB7}.Debug|Any CPU.ActiveCfg = Debug|Any CPU
		{1D3F0686-E1EC-4B22-AA25-9B3260E04FB7}.Debug|Any CPU.Build.0 = Debug|Any CPU
		{1D3F0686-E1EC-4B22-AA25-9B3260E04FB7}.Release|Any CPU.ActiveCfg = Release|Any CPU
		{1D3F0686-E1EC-4B22-AA25-9B3260E04FB7}.Release|Any CPU.Build.0 = Release|Any CPU
	EndGlobalSection
	GlobalSection(SolutionProperties) = preSolution
		HideSolutionNode = FALSE
	EndGlobalSection
EndGlobal
